<?xml version="1.0" encoding="UTF-8" standalone="yes" ?>
<CodeBlocks_project_file>
	<FileVersion major="1" minor="6" />
	<Project>
		<Option title="Snot" />
		<Option pch_mode="2" />
		<Option compiler="gcc" />
		<Build>
			<Target title="Debug">
				<Option output="bin/Debug/Snot" prefix_auto="1" extension_auto="1" />
				<Option object_output="obj/Debug/" />
				<Option type="1" />
				<Option compiler="gcc" />
				<Compiler>
					<Add option="-g" />
				</Compiler>
			</Target>
			<Target title="Release">
				<Option output="bin/Release/Snot" prefix_auto="1" extension_auto="1" />
				<Option object_output="obj/Release/" />
				<Option type="1" />
				<Option compiler="gcc" />
				<Compiler>
					<Add option="-O2" />
				</Compiler>
				<Linker>
					<Add option="-s" />
				</Linker>
			</Target>
		</Build>
		<Compiler>
			<Add option="-Wall" />
		</Compiler>
		<Unit filename="data_structures/container/container.c">
			<Option compilerVar="CC" />
		</Unit>
		<Unit filename="data_structures/container/container.h" />
		<Unit filename="data_structures/container/test/test.c">
			<Option compilerVar="CC" />
		</Unit>
		<Unit filename="data_structures/container/test/test.h" />
		<Unit filename="data_structures/list/list.c">
			<Option compilerVar="CC" />
		</Unit>
		<Unit filename="data_structures/list/list.h" />
		<Unit filename="data_structures/list/test/test.c">
			<Option compilerVar="CC" />
		</Unit>
		<Unit filename="data_structures/list/test/test.h" />
		<Unit filename="main.c">
			<Option compilerVar="CC" />
		</Unit>
		<Unit filename="main_common.h" />
		<Unit filename="reader/parser/parser.c">
			<Option compilerVar="CC" />
		</Unit>
		<Unit filename="reader/parser/parser.h" />
		<Unit filename="reader/parser/test/test.c">
			<Option compilerVar="CC" />
		</Unit>
		<Unit filename="reader/parser/test/test.h" />
		<Unit filename="reader/reader.c">
			<Option compilerVar="CC" />
		</Unit>
		<Unit filename="reader/reader.h" />
		<Unit filename="reader/scaner/accbs/accbs.c">
			<Option compilerVar="CC" />
		</Unit>
		<Unit filename="reader/scaner/accbs/accbs.h" />
		<Unit filename="reader/scaner/accbs/test/test.c">
			<Option compilerVar="CC" />
		</Unit>
		<Unit filename="reader/scaner/accbs/test/test.h" />
		<Unit filename="reader/scaner/console_io/console_io.c">
			<Option compilerVar="CC" />
		</Unit>
		<Unit filename="reader/scaner/console_io/console_io.h" />
		<Unit filename="reader/scaner/console_io/test/test.c">
			<Option compilerVar="CC" />
		</Unit>
		<Unit filename="reader/scaner/console_io/test/test.h" />
		<Unit filename="reader/scaner/file_work/file_work.c">
			<Option compilerVar="CC" />
		</Unit>
		<Unit filename="reader/scaner/file_work/file_work.h" />
		<Unit filename="reader/scaner/file_work/test/test.c">
			<Option compilerVar="CC" />
		</Unit>
		<Unit filename="reader/scaner/file_work/test/test.h" />
		<Unit filename="reader/scaner/split_tokens/split_tokens.c">
			<Option compilerVar="CC" />
		</Unit>
		<Unit filename="reader/scaner/split_tokens/split_tokens.h" />
		<Unit filename="reader/scaner/split_tokens/test/test.c">
			<Option compilerVar="CC" />
		</Unit>
		<Unit filename="reader/scaner/split_tokens/test/test.h" />
		<Unit filename="reader/test/test.c">
			<Option compilerVar="CC" />
		</Unit>
		<Unit filename="reader/test/test.h" />
		<Unit filename="tests/common/common.c">
			<Option compilerVar="CC" />
		</Unit>
		<Unit filename="tests/common/common.h" />
		<Unit filename="tests/stack/stack.c">
			<Option compilerVar="CC" />
		</Unit>
		<Unit filename="tests/stack/stack.h" />
		<Unit filename="tests/stack/test/test.c">
			<Option compilerVar="CC" />
		</Unit>
		<Unit filename="tests/stack/test/test.h" />
		<Extensions>
			<lib_finder disable_auto="1" />
		</Extensions>
	</Project>
</CodeBlocks_project_file>
